<Solution>
  <Folder Name="/src/">
    <Project Path="src/Flippo.App/Flippo.App.csproj" />
    <Project Path="src/Flippo.Core/Flippo.Core.csproj" />
    <Project Path="src/Flippo.Data/Flippo.Data.csproj" />
  </Folder>
  <Folder Name="/tests/">
    <Project Path="tests/Flippo.Tests/Flippo.Tests.csproj" />
  </Folder>
</Solution>
